lockfileVersion: '9.0'

settings:
  autoInstallPeers: true
  excludeLinksFromLockfile: false

importers:

  .:
    dependencies:
      eventsource:
        specifier: ^3.0.2
        version: 3.0.2

packages:

  eventsource-parser@3.0.0:
    resolution: {integrity: sha512-T1C0XCUimhxVQzW4zFipdx0SficT651NnkR0ZSH3yQwh+mFMdLfgjABVi4YtMTtaL4s168593DaoaRLMqryavA==}
    engines: {node: '>=18.0.0'}

  eventsource@3.0.2:
    resolution: {integrity: sha512-YolzkJNxsTL3tCJMWFxpxtG2sCjbZ4LQUBUrkdaJK0ub0p6lmJt+2+1SwhKjLc652lpH9L/79Ptez972H9tphw==}
    engines: {node: '>=18.0.0'}

snapshots:

  eventsource-parser@3.0.0: {}

  eventsource@3.0.2:
    dependencies:
      eventsource-parser: 3.0.0
